PODS:
  - Alamofire (4.2.0)
  - KMPlaceholderTextView (1.3.0)
  - SDWebImage (3.8.2):
    - SDWebImage/Core (= 3.8.2)
  - SDWebImage/Core (3.8.2)

DEPENDENCIES:
  - Alamofire (from `https://github.com/Alamofire/Alamofire`)
  - KMPlaceholderTextView (~> 1.3.0)
  - SDWebImage

EXTERNAL SOURCES:
  Alamofire:
    :git: https://github.com/Alamofire/Alamofire

CHECKOUT OPTIONS:
  Alamofire:
    :commit: 779930c399307caa3d1afb01fd628754e323ea34
    :git: https://github.com/Alamofire/Alamofire

SPEC CHECKSUMS:
  Alamofire: 26d8877ec03b4e6e6cbfbf7c03924b4844a2d453
  KMPlaceholderTextView: 2bbcd19a273648a80a61e1e48f9743a24d8930e3
  SDWebImage: 098e97e6176540799c27e804c96653ee0833d13c

PODFILE CHECKSUM: 8b7f0497a78cfc0b4809dc0162234766a8252203

COCOAPODS: 1.1.1
