// !$*UTF8*$!
{
	archiveVersion = 1;
	classes = {
	};
	objectVersion = 46;
	objects = {

/* Begin PBXBuildFile section */
		163C62121E128276005299E2 /* DetailViewController.swift in Sources */ = {isa = PBXBuildFile; fileRef = 163C62111E128276005299E2 /* DetailViewController.swift */; };
		163C62141E1283D3005299E2 /* InboxTableViewController.swift in Sources */ = {isa = PBXBuildFile; fileRef = 163C62131E1283D3005299E2 /* InboxTableViewController.swift */; };
		163C62161E1283F8005299E2 /* SentboxTableViewController.swift in Sources */ = {isa = PBXBuildFile; fileRef = 163C62151E1283F8005299E2 /* SentboxTableViewController.swift */; };
		163C62181E1284F6005299E2 /* ComposeMailViewController.swift in Sources */ = {isa = PBXBuildFile; fileRef = 163C62171E1284F6005299E2 /* ComposeMailViewController.swift */; };
		163C621A1E1285A5005299E2 /* RegistrationViewController.swift in Sources */ = {isa = PBXBuildFile; fileRef = 163C62191E1285A5005299E2 /* RegistrationViewController.swift */; };
		163C621C1E1285FE005299E2 /* LoginViewController.swift in Sources */ = {isa = PBXBuildFile; fileRef = 163C621B1E1285FE005299E2 /* LoginViewController.swift */; };
		165E19201E0017AB00B744D4 /* AppDelegate.swift in Sources */ = {isa = PBXBuildFile; fileRef = 165E191F1E0017AB00B744D4 /* AppDelegate.swift */; };
		165E19251E0017AB00B744D4 /* Main.storyboard in Resources */ = {isa = PBXBuildFile; fileRef = 165E19231E0017AB00B744D4 /* Main.storyboard */; };
		165E19271E0017AB00B744D4 /* Assets.xcassets in Resources */ = {isa = PBXBuildFile; fileRef = 165E19261E0017AB00B744D4 /* Assets.xcassets */; };
		165E192A1E0017AB00B744D4 /* LaunchScreen.storyboard in Resources */ = {isa = PBXBuildFile; fileRef = 165E19281E0017AB00B744D4 /* LaunchScreen.storyboard */; };
		165E19351E0017AC00B744D4 /* InternMailTests.swift in Sources */ = {isa = PBXBuildFile; fileRef = 165E19341E0017AC00B744D4 /* InternMailTests.swift */; };
		165E19401E0017AC00B744D4 /* InternMailUITests.swift in Sources */ = {isa = PBXBuildFile; fileRef = 165E193F1E0017AC00B744D4 /* InternMailUITests.swift */; };
		165E19501E0017DD00B744D4 /* IMMail.swift in Sources */ = {isa = PBXBuildFile; fileRef = 165E194E1E0017DD00B744D4 /* IMMail.swift */; };
		165E19511E0017DD00B744D4 /* IMUser.swift in Sources */ = {isa = PBXBuildFile; fileRef = 165E194F1E0017DD00B744D4 /* IMUser.swift */; };
		16D0B93A1E126A92000159D2 /* IMResponse.swift in Sources */ = {isa = PBXBuildFile; fileRef = 16D0B9391E126A92000159D2 /* IMResponse.swift */; };
		16D0B93C1E126B4B000159D2 /* IMBaseModel.swift in Sources */ = {isa = PBXBuildFile; fileRef = 16D0B93B1E126B4B000159D2 /* IMBaseModel.swift */; };
		16D0B93E1E126BDF000159D2 /* Base Service.swift in Sources */ = {isa = PBXBuildFile; fileRef = 16D0B93D1E126BDF000159D2 /* Base Service.swift */; };
		16D0B9401E126C1E000159D2 /* User Service.swift in Sources */ = {isa = PBXBuildFile; fileRef = 16D0B93F1E126C1E000159D2 /* User Service.swift */; };
		E4520422ED6D90C0BA8BE2FC /* Pods_InternMail.framework in Frameworks */ = {isa = PBXBuildFile; fileRef = 272F9A97C5DDEA58F59F4B33 /* Pods_InternMail.framework */; };
/* End PBXBuildFile section */

/* Begin PBXContainerItemProxy section */
		165E19311E0017AC00B744D4 /* PBXContainerItemProxy */ = {
			isa = PBXContainerItemProxy;
			containerPortal = 165E19141E0017AB00B744D4 /* Project object */;
			proxyType = 1;
			remoteGlobalIDString = 165E191B1E0017AB00B744D4;
			remoteInfo = InternMail;
		};
		165E193C1E0017AC00B744D4 /* PBXContainerItemProxy */ = {
			isa = PBXContainerItemProxy;
			containerPortal = 165E19141E0017AB00B744D4 /* Project object */;
			proxyType = 1;
			remoteGlobalIDString = 165E191B1E0017AB00B744D4;
			remoteInfo = InternMail;
		};
/* End PBXContainerItemProxy section */

/* Begin PBXFileReference section */
		163C62111E128276005299E2 /* DetailViewController.swift */ = {isa = PBXFileReference; fileEncoding = 4; lastKnownFileType = sourcecode.swift; path = DetailViewController.swift; sourceTree = "<group>"; };
		163C62131E1283D3005299E2 /* InboxTableViewController.swift */ = {isa = PBXFileReference; fileEncoding = 4; lastKnownFileType = sourcecode.swift; path = InboxTableViewController.swift; sourceTree = "<group>"; };
		163C62151E1283F8005299E2 /* SentboxTableViewController.swift */ = {isa = PBXFileReference; fileEncoding = 4; lastKnownFileType = sourcecode.swift; path = SentboxTableViewController.swift; sourceTree = "<group>"; };
		163C62171E1284F6005299E2 /* ComposeMailViewController.swift */ = {isa = PBXFileReference; fileEncoding = 4; lastKnownFileType = sourcecode.swift; path = ComposeMailViewController.swift; sourceTree = "<group>"; };
		163C62191E1285A5005299E2 /* RegistrationViewController.swift */ = {isa = PBXFileReference; fileEncoding = 4; lastKnownFileType = sourcecode.swift; path = RegistrationViewController.swift; sourceTree = "<group>"; };
		163C621B1E1285FE005299E2 /* LoginViewController.swift */ = {isa = PBXFileReference; fileEncoding = 4; lastKnownFileType = sourcecode.swift; path = LoginViewController.swift; sourceTree = "<group>"; };
		165E191C1E0017AB00B744D4 /* InternMail.app */ = {isa = PBXFileReference; explicitFileType = wrapper.application; includeInIndex = 0; path = InternMail.app; sourceTree = BUILT_PRODUCTS_DIR; };
		165E191F1E0017AB00B744D4 /* AppDelegate.swift */ = {isa = PBXFileReference; lastKnownFileType = sourcecode.swift; path = AppDelegate.swift; sourceTree = "<group>"; };
		165E19241E0017AB00B744D4 /* Base */ = {isa = PBXFileReference; lastKnownFileType = file.storyboard; name = Base; path = Base.lproj/Main.storyboard; sourceTree = "<group>"; };
		165E19261E0017AB00B744D4 /* Assets.xcassets */ = {isa = PBXFileReference; lastKnownFileType = folder.assetcatalog; path = Assets.xcassets; sourceTree = "<group>"; };
		165E19291E0017AB00B744D4 /* Base */ = {isa = PBXFileReference; lastKnownFileType = file.storyboard; name = Base; path = Base.lproj/LaunchScreen.storyboard; sourceTree = "<group>"; };
		165E192B1E0017AB00B744D4 /* Info.plist */ = {isa = PBXFileReference; lastKnownFileType = text.plist.xml; path = Info.plist; sourceTree = "<group>"; };
		165E19301E0017AC00B744D4 /* InternMailTests.xctest */ = {isa = PBXFileReference; explicitFileType = wrapper.cfbundle; includeInIndex = 0; path = InternMailTests.xctest; sourceTree = BUILT_PRODUCTS_DIR; };
		165E19341E0017AC00B744D4 /* InternMailTests.swift */ = {isa = PBXFileReference; lastKnownFileType = sourcecode.swift; path = InternMailTests.swift; sourceTree = "<group>"; };
		165E19361E0017AC00B744D4 /* Info.plist */ = {isa = PBXFileReference; lastKnownFileType = text.plist.xml; path = Info.plist; sourceTree = "<group>"; };
		165E193B1E0017AC00B744D4 /* InternMailUITests.xctest */ = {isa = PBXFileReference; explicitFileType = wrapper.cfbundle; includeInIndex = 0; path = InternMailUITests.xctest; sourceTree = BUILT_PRODUCTS_DIR; };
		165E193F1E0017AC00B744D4 /* InternMailUITests.swift */ = {isa = PBXFileReference; lastKnownFileType = sourcecode.swift; path = InternMailUITests.swift; sourceTree = "<group>"; };
		165E19411E0017AC00B744D4 /* Info.plist */ = {isa = PBXFileReference; lastKnownFileType = text.plist.xml; path = Info.plist; sourceTree = "<group>"; };
		165E194E1E0017DD00B744D4 /* IMMail.swift */ = {isa = PBXFileReference; fileEncoding = 4; lastKnownFileType = sourcecode.swift; name = IMMail.swift; path = Model/IMMail.swift; sourceTree = "<group>"; };
		165E194F1E0017DD00B744D4 /* IMUser.swift */ = {isa = PBXFileReference; fileEncoding = 4; lastKnownFileType = sourcecode.swift; name = IMUser.swift; path = Model/IMUser.swift; sourceTree = "<group>"; };
		16D0B9391E126A92000159D2 /* IMResponse.swift */ = {isa = PBXFileReference; fileEncoding = 4; lastKnownFileType = sourcecode.swift; name = IMResponse.swift; path = Model/IMResponse.swift; sourceTree = "<group>"; };
		16D0B93B1E126B4B000159D2 /* IMBaseModel.swift */ = {isa = PBXFileReference; fileEncoding = 4; lastKnownFileType = sourcecode.swift; name = IMBaseModel.swift; path = Model/IMBaseModel.swift; sourceTree = "<group>"; };
		16D0B93D1E126BDF000159D2 /* Base Service.swift */ = {isa = PBXFileReference; fileEncoding = 4; lastKnownFileType = sourcecode.swift; name = "Base Service.swift"; path = "Service/Base Service.swift"; sourceTree = "<group>"; };
		16D0B93F1E126C1E000159D2 /* User Service.swift */ = {isa = PBXFileReference; fileEncoding = 4; lastKnownFileType = sourcecode.swift; path = "User Service.swift"; sourceTree = "<group>"; };
		272F9A97C5DDEA58F59F4B33 /* Pods_InternMail.framework */ = {isa = PBXFileReference; explicitFileType = wrapper.framework; includeInIndex = 0; path = Pods_InternMail.framework; sourceTree = BUILT_PRODUCTS_DIR; };
		3800A41557C294219EC75AD0 /* Pods-InternMail.debug.xcconfig */ = {isa = PBXFileReference; includeInIndex = 1; lastKnownFileType = text.xcconfig; name = "Pods-InternMail.debug.xcconfig"; path = "Pods/Target Support Files/Pods-InternMail/Pods-InternMail.debug.xcconfig"; sourceTree = "<group>"; };
		A12907E90837803BD03A8ED7 /* Pods-InternMail.release.xcconfig */ = {isa = PBXFileReference; includeInIndex = 1; lastKnownFileType = text.xcconfig; name = "Pods-InternMail.release.xcconfig"; path = "Pods/Target Support Files/Pods-InternMail/Pods-InternMail.release.xcconfig"; sourceTree = "<group>"; };
/* End PBXFileReference section */

/* Begin PBXFrameworksBuildPhase section */
		165E19191E0017AB00B744D4 /* Frameworks */ = {
			isa = PBXFrameworksBuildPhase;
			buildActionMask = 2147483647;
			files = (
				E4520422ED6D90C0BA8BE2FC /* Pods_InternMail.framework in Frameworks */,
			);
			runOnlyForDeploymentPostprocessing = 0;
		};
		165E192D1E0017AC00B744D4 /* Frameworks */ = {
			isa = PBXFrameworksBuildPhase;
			buildActionMask = 2147483647;
			files = (
			);
			runOnlyForDeploymentPostprocessing = 0;
		};
		165E19381E0017AC00B744D4 /* Frameworks */ = {
			isa = PBXFrameworksBuildPhase;
			buildActionMask = 2147483647;
			files = (
			);
			runOnlyForDeploymentPostprocessing = 0;
		};
/* End PBXFrameworksBuildPhase section */

/* Begin PBXGroup section */
		15281A093CB0E32914E6F6C9 /* Frameworks */ = {
			isa = PBXGroup;
			children = (
				272F9A97C5DDEA58F59F4B33 /* Pods_InternMail.framework */,
			);
			name = Frameworks;
			sourceTree = "<group>";
		};
		163C62101E127B26005299E2 /* Controller */ = {
			isa = PBXGroup;
			children = (
				163C621B1E1285FE005299E2 /* LoginViewController.swift */,
				163C62111E128276005299E2 /* DetailViewController.swift */,
				163C62131E1283D3005299E2 /* InboxTableViewController.swift */,
				163C62151E1283F8005299E2 /* SentboxTableViewController.swift */,
				163C62171E1284F6005299E2 /* ComposeMailViewController.swift */,
				163C62191E1285A5005299E2 /* RegistrationViewController.swift */,
			);
			path = Controller;
			sourceTree = "<group>";
		};
		165E19131E0017AB00B744D4 = {
			isa = PBXGroup;
			children = (
				165E191E1E0017AB00B744D4 /* InternMail */,
				165E19331E0017AC00B744D4 /* InternMailTests */,
				165E193E1E0017AC00B744D4 /* InternMailUITests */,
				165E191D1E0017AB00B744D4 /* Products */,
				AD7BDD0322634BBAB8D34544 /* Pods */,
				15281A093CB0E32914E6F6C9 /* Frameworks */,
			);
			sourceTree = "<group>";
		};
		165E191D1E0017AB00B744D4 /* Products */ = {
			isa = PBXGroup;
			children = (
				165E191C1E0017AB00B744D4 /* InternMail.app */,
				165E19301E0017AC00B744D4 /* InternMailTests.xctest */,
				165E193B1E0017AC00B744D4 /* InternMailUITests.xctest */,
			);
			name = Products;
			sourceTree = "<group>";
		};
		165E191E1E0017AB00B744D4 /* InternMail */ = {
			isa = PBXGroup;
			children = (
				163C62101E127B26005299E2 /* Controller */,
				165E194D1E0017CE00B744D4 /* Model */,
				165E19581E0027F700B744D4 /* Service */,
				165E191F1E0017AB00B744D4 /* AppDelegate.swift */,
				165E19231E0017AB00B744D4 /* Main.storyboard */,
				165E19261E0017AB00B744D4 /* Assets.xcassets */,
				165E19281E0017AB00B744D4 /* LaunchScreen.storyboard */,
				165E192B1E0017AB00B744D4 /* Info.plist */,
			);
			path = InternMail;
			sourceTree = "<group>";
		};
		165E19331E0017AC00B744D4 /* InternMailTests */ = {
			isa = PBXGroup;
			children = (
				165E19341E0017AC00B744D4 /* InternMailTests.swift */,
				165E19361E0017AC00B744D4 /* Info.plist */,
			);
			path = InternMailTests;
			sourceTree = "<group>";
		};
		165E193E1E0017AC00B744D4 /* InternMailUITests */ = {
			isa = PBXGroup;
			children = (
				165E193F1E0017AC00B744D4 /* InternMailUITests.swift */,
				165E19411E0017AC00B744D4 /* Info.plist */,
			);
			path = InternMailUITests;
			sourceTree = "<group>";
		};
		165E194D1E0017CE00B744D4 /* Model */ = {
			isa = PBXGroup;
			children = (
				16D0B9391E126A92000159D2 /* IMResponse.swift */,
				165E194E1E0017DD00B744D4 /* IMMail.swift */,
				165E194F1E0017DD00B744D4 /* IMUser.swift */,
				16D0B93B1E126B4B000159D2 /* IMBaseModel.swift */,
			);
			name = Model;
			sourceTree = "<group>";
		};
		165E19581E0027F700B744D4 /* Service */ = {
			isa = PBXGroup;
			children = (
				16D0B93D1E126BDF000159D2 /* Base Service.swift */,
				16D0B93F1E126C1E000159D2 /* User Service.swift */,
			);
			name = Service;
			sourceTree = "<group>";
		};
		AD7BDD0322634BBAB8D34544 /* Pods */ = {
			isa = PBXGroup;
			children = (
				3800A41557C294219EC75AD0 /* Pods-InternMail.debug.xcconfig */,
				A12907E90837803BD03A8ED7 /* Pods-InternMail.release.xcconfig */,
			);
			name = Pods;
			sourceTree = "<group>";
		};
/* End PBXGroup section */

/* Begin PBXNativeTarget section */
		165E191B1E0017AB00B744D4 /* InternMail */ = {
			isa = PBXNativeTarget;
			buildConfigurationList = 165E19441E0017AC00B744D4 /* Build configuration list for PBXNativeTarget "InternMail" */;
			buildPhases = (
				5C9BF2A393EB3146D103F66E /* [CP] Check Pods Manifest.lock */,
				165E19181E0017AB00B744D4 /* Sources */,
				165E19191E0017AB00B744D4 /* Frameworks */,
				165E191A1E0017AB00B744D4 /* Resources */,
				0C0B5D81C7C38823785B652E /* [CP] Embed Pods Frameworks */,
				EB04A0C896682F00633F3B05 /* [CP] Copy Pods Resources */,
			);
			buildRules = (
			);
			dependencies = (
			);
			name = InternMail;
			productName = InternMail;
			productReference = 165E191C1E0017AB00B744D4 /* InternMail.app */;
			productType = "com.apple.product-type.application";
		};
		165E192F1E0017AC00B744D4 /* InternMailTests */ = {
			isa = PBXNativeTarget;
			buildConfigurationList = 165E19471E0017AC00B744D4 /* Build configuration list for PBXNativeTarget "InternMailTests" */;
			buildPhases = (
				165E192C1E0017AC00B744D4 /* Sources */,
				165E192D1E0017AC00B744D4 /* Frameworks */,
				165E192E1E0017AC00B744D4 /* Resources */,
			);
			buildRules = (
			);
			dependencies = (
				165E19321E0017AC00B744D4 /* PBXTargetDependency */,
			);
			name = InternMailTests;
			productName = InternMailTests;
			productReference = 165E19301E0017AC00B744D4 /* InternMailTests.xctest */;
			productType = "com.apple.product-type.bundle.unit-test";
		};
		165E193A1E0017AC00B744D4 /* InternMailUITests */ = {
			isa = PBXNativeTarget;
			buildConfigurationList = 165E194A1E0017AC00B744D4 /* Build configuration list for PBXNativeTarget "InternMailUITests" */;
			buildPhases = (
				165E19371E0017AC00B744D4 /* Sources */,
				165E19381E0017AC00B744D4 /* Frameworks */,
				165E19391E0017AC00B744D4 /* Resources */,
			);
			buildRules = (
			);
			dependencies = (
				165E193D1E0017AC00B744D4 /* PBXTargetDependency */,
			);
			name = InternMailUITests;
			productName = InternMailUITests;
			productReference = 165E193B1E0017AC00B744D4 /* InternMailUITests.xctest */;
			productType = "com.apple.product-type.bundle.ui-testing";
		};
/* End PBXNativeTarget section */

/* Begin PBXProject section */
		165E19141E0017AB00B744D4 /* Project object */ = {
			isa = PBXProject;
			attributes = {
				LastSwiftUpdateCheck = 0810;
				LastUpgradeCheck = 0810;
				ORGANIZATIONNAME = Saba;
				TargetAttributes = {
					165E191B1E0017AB00B744D4 = {
						CreatedOnToolsVersion = 8.1;
						ProvisioningStyle = Automatic;
					};
					165E192F1E0017AC00B744D4 = {
						CreatedOnToolsVersion = 8.1;
						DevelopmentTeam = S87EN3C54C;
						ProvisioningStyle = Automatic;
						TestTargetID = 165E191B1E0017AB00B744D4;
					};
					165E193A1E0017AC00B744D4 = {
						CreatedOnToolsVersion = 8.1;
						DevelopmentTeam = S87EN3C54C;
						ProvisioningStyle = Automatic;
						TestTargetID = 165E191B1E0017AB00B744D4;
					};
				};
			};
			buildConfigurationList = 165E19171E0017AB00B744D4 /* Build configuration list for PBXProject "InternMail" */;
			compatibilityVersion = "Xcode 3.2";
			developmentRegion = English;
			hasScannedForEncodings = 0;
			knownRegions = (
				en,
				Base,
			);
			mainGroup = 165E19131E0017AB00B744D4;
			productRefGroup = 165E191D1E0017AB00B744D4 /* Products */;
			projectDirPath = "";
			projectRoot = "";
			targets = (
				165E191B1E0017AB00B744D4 /* InternMail */,
				165E192F1E0017AC00B744D4 /* InternMailTests */,
				165E193A1E0017AC00B744D4 /* InternMailUITests */,
			);
		};
/* End PBXProject section */

/* Begin PBXResourcesBuildPhase section */
		165E191A1E0017AB00B744D4 /* Resources */ = {
			isa = PBXResourcesBuildPhase;
			buildActionMask = 2147483647;
			files = (
				165E192A1E0017AB00B744D4 /* LaunchScreen.storyboard in Resources */,
				165E19271E0017AB00B744D4 /* Assets.xcassets in Resources */,
				165E19251E0017AB00B744D4 /* Main.storyboard in Resources */,
			);
			runOnlyForDeploymentPostprocessing = 0;
		};
		165E192E1E0017AC00B744D4 /* Resources */ = {
			isa = PBXResourcesBuildPhase;
			buildActionMask = 2147483647;
			files = (
			);
			runOnlyForDeploymentPostprocessing = 0;
		};
		165E19391E0017AC00B744D4 /* Resources */ = {
			isa = PBXResourcesBuildPhase;
			buildActionMask = 2147483647;
			files = (
			);
			runOnlyForDeploymentPostprocessing = 0;
		};
/* End PBXResourcesBuildPhase section */

/* Begin PBXShellScriptBuildPhase section */
		0C0B5D81C7C38823785B652E /* [CP] Embed Pods Frameworks */ = {
			isa = PBXShellScriptBuildPhase;
			buildActionMask = 2147483647;
			files = (
			);
			inputPaths = (
			);
			name = "[CP] Embed Pods Frameworks";
			outputPaths = (
			);
			runOnlyForDeploymentPostprocessing = 0;
			shellPath = /bin/sh;
			shellScript = "\"${SRCROOT}/Pods/Target Support Files/Pods-InternMail/Pods-InternMail-frameworks.sh\"\n";
			showEnvVarsInLog = 0;
		};
		5C9BF2A393EB3146D103F66E /* [CP] Check Pods Manifest.lock */ = {
			isa = PBXShellScriptBuildPhase;
			buildActionMask = 2147483647;
			files = (
			);
			inputPaths = (
			);
			name = "[CP] Check Pods Manifest.lock";
			outputPaths = (
			);
			runOnlyForDeploymentPostprocessing = 0;
			shellPath = /bin/sh;
			shellScript = "diff \"${PODS_ROOT}/../Podfile.lock\" \"${PODS_ROOT}/Manifest.lock\" > /dev/null\nif [ $? != 0 ] ; then\n    # print error to STDERR\n    echo \"error: The sandbox is not in sync with the Podfile.lock. Run 'pod install' or update your CocoaPods installation.\" >&2\n    exit 1\nfi\n";
			showEnvVarsInLog = 0;
		};
		EB04A0C896682F00633F3B05 /* [CP] Copy Pods Resources */ = {
			isa = PBXShellScriptBuildPhase;
			buildActionMask = 2147483647;
			files = (
			);
			inputPaths = (
			);
			name = "[CP] Copy Pods Resources";
			outputPaths = (
			);
			runOnlyForDeploymentPostprocessing = 0;
			shellPath = /bin/sh;
			shellScript = "\"${SRCROOT}/Pods/Target Support Files/Pods-InternMail/Pods-InternMail-resources.sh\"\n";
			showEnvVarsInLog = 0;
		};
/* End PBXShellScriptBuildPhase section */

/* Begin PBXSourcesBuildPhase section */
		165E19181E0017AB00B744D4 /* Sources */ = {
			isa = PBXSourcesBuildPhase;
			buildActionMask = 2147483647;
			files = (
				163C62121E128276005299E2 /* DetailViewController.swift in Sources */,
				163C62161E1283F8005299E2 /* SentboxTableViewController.swift in Sources */,
				163C62181E1284F6005299E2 /* ComposeMailViewController.swift in Sources */,
				16D0B93A1E126A92000159D2 /* IMResponse.swift in Sources */,
				163C621A1E1285A5005299E2 /* RegistrationViewController.swift in Sources */,
				16D0B93E1E126BDF000159D2 /* Base Service.swift in Sources */,
				16D0B93C1E126B4B000159D2 /* IMBaseModel.swift in Sources */,
				165E19201E0017AB00B744D4 /* AppDelegate.swift in Sources */,
				163C62141E1283D3005299E2 /* InboxTableViewController.swift in Sources */,
				16D0B9401E126C1E000159D2 /* User Service.swift in Sources */,
				165E19511E0017DD00B744D4 /* IMUser.swift in Sources */,
				163C621C1E1285FE005299E2 /* LoginViewController.swift in Sources */,
				165E19501E0017DD00B744D4 /* IMMail.swift in Sources */,
			);
			runOnlyForDeploymentPostprocessing = 0;
		};
		165E192C1E0017AC00B744D4 /* Sources */ = {
			isa = PBXSourcesBuildPhase;
			buildActionMask = 2147483647;
			files = (
				165E19351E0017AC00B744D4 /* InternMailTests.swift in Sources */,
			);
			runOnlyForDeploymentPostprocessing = 0;
		};
		165E19371E0017AC00B744D4 /* Sources */ = {
			isa = PBXSourcesBuildPhase;
			buildActionMask = 2147483647;
			files = (
				165E19401E0017AC00B744D4 /* InternMailUITests.swift in Sources */,
			);
			runOnlyForDeploymentPostprocessing = 0;
		};
/* End PBXSourcesBuildPhase section */

/* Begin PBXTargetDependency section */
		165E19321E0017AC00B744D4 /* PBXTargetDependency */ = {
			isa = PBXTargetDependency;
			target = 165E191B1E0017AB00B744D4 /* InternMail */;
			targetProxy = 165E19311E0017AC00B744D4 /* PBXContainerItemProxy */;
		};
		165E193D1E0017AC00B744D4 /* PBXTargetDependency */ = {
			isa = PBXTargetDependency;
			target = 165E191B1E0017AB00B744D4 /* InternMail */;
			targetProxy = 165E193C1E0017AC00B744D4 /* PBXContainerItemProxy */;
		};
/* End PBXTargetDependency section */

/* Begin PBXVariantGroup section */
		165E19231E0017AB00B744D4 /* Main.storyboard */ = {
			isa = PBXVariantGroup;
			children = (
				165E19241E0017AB00B744D4 /* Base */,
			);
			name = Main.storyboard;
			sourceTree = "<group>";
		};
		165E19281E0017AB00B744D4 /* LaunchScreen.storyboard */ = {
			isa = PBXVariantGroup;
			children = (
				165E19291E0017AB00B744D4 /* Base */,
			);
			name = LaunchScreen.storyboard;
			sourceTree = "<group>";
		};
/* End PBXVariantGroup section */

/* Begin XCBuildConfiguration section */
		165E19421E0017AC00B744D4 /* Debug */ = {
			isa = XCBuildConfiguration;
			buildSettings = {
				ALWAYS_SEARCH_USER_PATHS = NO;
				CLANG_ANALYZER_NONNULL = YES;
				CLANG_CXX_LANGUAGE_STANDARD = "gnu++0x";
				CLANG_CXX_LIBRARY = "libc++";
				CLANG_ENABLE_MODULES = YES;
				CLANG_ENABLE_OBJC_ARC = YES;
				CLANG_WARN_BOOL_CONVERSION = YES;
				CLANG_WARN_CONSTANT_CONVERSION = YES;
				CLANG_WARN_DIRECT_OBJC_ISA_USAGE = YES_ERROR;
				CLANG_WARN_DOCUMENTATION_COMMENTS = YES;
				CLANG_WARN_EMPTY_BODY = YES;
				CLANG_WARN_ENUM_CONVERSION = YES;
				CLANG_WARN_INFINITE_RECURSION = YES;
				CLANG_WARN_INT_CONVERSION = YES;
				CLANG_WARN_OBJC_ROOT_CLASS = YES_ERROR;
				CLANG_WARN_SUSPICIOUS_MOVES = YES;
				CLANG_WARN_UNREACHABLE_CODE = YES;
				CLANG_WARN__DUPLICATE_METHOD_MATCH = YES;
				"CODE_SIGN_IDENTITY[sdk=iphoneos*]" = "iPhone Developer";
				COPY_PHASE_STRIP = NO;
				DEBUG_INFORMATION_FORMAT = dwarf;
				ENABLE_STRICT_OBJC_MSGSEND = YES;
				ENABLE_TESTABILITY = YES;
				GCC_C_LANGUAGE_STANDARD = gnu99;
				GCC_DYNAMIC_NO_PIC = NO;
				GCC_NO_COMMON_BLOCKS = YES;
				GCC_OPTIMIZATION_LEVEL = 0;
				GCC_PREPROCESSOR_DEFINITIONS = (
					"DEBUG=1",
					"$(inherited)",
				);
				GCC_WARN_64_TO_32_BIT_CONVERSION = YES;
				GCC_WARN_ABOUT_RETURN_TYPE = YES_ERROR;
				GCC_WARN_UNDECLARED_SELECTOR = YES;
				GCC_WARN_UNINITIALIZED_AUTOS = YES_AGGRESSIVE;
				GCC_WARN_UNUSED_FUNCTION = YES;
				GCC_WARN_UNUSED_VARIABLE = YES;
				IPHONEOS_DEPLOYMENT_TARGET = 10.1;
				MTL_ENABLE_DEBUG_INFO = YES;
				ONLY_ACTIVE_ARCH = YES;
				SDKROOT = iphoneos;
				SWIFT_ACTIVE_COMPILATION_CONDITIONS = DEBUG;
				SWIFT_OPTIMIZATION_LEVEL = "-Onone";
				TARGETED_DEVICE_FAMILY = "1,2";
			};
			name = Debug;
		};
		165E19431E0017AC00B744D4 /* Release */ = {
			isa = XCBuildConfiguration;
			buildSettings = {
				ALWAYS_SEARCH_USER_PATHS = NO;
				CLANG_ANALYZER_NONNULL = YES;
				CLANG_CXX_LANGUAGE_STANDARD = "gnu++0x";
				CLANG_CXX_LIBRARY = "libc++";
				CLANG_ENABLE_MODULES = YES;
				CLANG_ENABLE_OBJC_ARC = YES;
				CLANG_WARN_BOOL_CONVERSION = YES;
				CLANG_WARN_CONSTANT_CONVERSION = YES;
				CLANG_WARN_DIRECT_OBJC_ISA_USAGE = YES_ERROR;
				CLANG_WARN_DOCUMENTATION_COMMENTS = YES;
				CLANG_WARN_EMPTY_BODY = YES;
				CLANG_WARN_ENUM_CONVERSION = YES;
				CLANG_WARN_INFINITE_RECURSION = YES;
				CLANG_WARN_INT_CONVERSION = YES;
				CLANG_WARN_OBJC_ROOT_CLASS = YES_ERROR;
				CLANG_WARN_SUSPICIOUS_MOVES = YES;
				CLANG_WARN_UNREACHABLE_CODE = YES;
				CLANG_WARN__DUPLICATE_METHOD_MATCH = YES;
				"CODE_SIGN_IDENTITY[sdk=iphoneos*]" = "iPhone Developer";
				COPY_PHASE_STRIP = NO;
				DEBUG_INFORMATION_FORMAT = "dwarf-with-dsym";
				ENABLE_NS_ASSERTIONS = NO;
				ENABLE_STRICT_OBJC_MSGSEND = YES;
				GCC_C_LANGUAGE_STANDARD = gnu99;
				GCC_NO_COMMON_BLOCKS = YES;
				GCC_WARN_64_TO_32_BIT_CONVERSION = YES;
				GCC_WARN_ABOUT_RETURN_TYPE = YES_ERROR;
				GCC_WARN_UNDECLARED_SELECTOR = YES;
				GCC_WARN_UNINITIALIZED_AUTOS = YES_AGGRESSIVE;
				GCC_WARN_UNUSED_FUNCTION = YES;
				GCC_WARN_UNUSED_VARIABLE = YES;
				IPHONEOS_DEPLOYMENT_TARGET = 10.1;
				MTL_ENABLE_DEBUG_INFO = NO;
				SDKROOT = iphoneos;
				SWIFT_OPTIMIZATION_LEVEL = "-Owholemodule";
				TARGETED_DEVICE_FAMILY = "1,2";
				VALIDATE_PRODUCT = YES;
			};
			name = Release;
		};
		165E19451E0017AC00B744D4 /* Debug */ = {
			isa = XCBuildConfiguration;
			baseConfigurationReference = 3800A41557C294219EC75AD0 /* Pods-InternMail.debug.xcconfig */;
			buildSettings = {
				ASSETCATALOG_COMPILER_APPICON_NAME = AppIcon;
				DEVELOPMENT_TEAM = "";
				INFOPLIST_FILE = InternMail/Info.plist;
				LD_RUNPATH_SEARCH_PATHS = "$(inherited) @executable_path/Frameworks";
				PRODUCT_BUNDLE_IDENTIFIER = ge.bog.intern.InternMail;
				PRODUCT_NAME = "$(TARGET_NAME)";
				SWIFT_VERSION = 3.0;
			};
			name = Debug;
		};
		165E19461E0017AC00B744D4 /* Release */ = {
			isa = XCBuildConfiguration;
			baseConfigurationReference = A12907E90837803BD03A8ED7 /* Pods-InternMail.release.xcconfig */;
			buildSettings = {
				ASSETCATALOG_COMPILER_APPICON_NAME = AppIcon;
				DEVELOPMENT_TEAM = "";
				INFOPLIST_FILE = InternMail/Info.plist;
				LD_RUNPATH_SEARCH_PATHS = "$(inherited) @executable_path/Frameworks";
				PRODUCT_BUNDLE_IDENTIFIER = ge.bog.intern.InternMail;
				PRODUCT_NAME = "$(TARGET_NAME)";
				SWIFT_VERSION = 3.0;
			};
			name = Release;
		};
		165E19481E0017AC00B744D4 /* Debug */ = {
			isa = XCBuildConfiguration;
			buildSettings = {
				ALWAYS_EMBED_SWIFT_STANDARD_LIBRARIES = YES;
				BUNDLE_LOADER = "$(TEST_HOST)";
				DEVELOPMENT_TEAM = S87EN3C54C;
				INFOPLIST_FILE = InternMailTests/Info.plist;
				LD_RUNPATH_SEARCH_PATHS = "$(inherited) @executable_path/Frameworks @loader_path/Frameworks";
				PRODUCT_BUNDLE_IDENTIFIER = intern.InternMailTests;
				PRODUCT_NAME = "$(TARGET_NAME)";
				SWIFT_VERSION = 3.0;
				TEST_HOST = "$(BUILT_PRODUCTS_DIR)/InternMail.app/InternMail";
			};
			name = Debug;
		};
		165E19491E0017AC00B744D4 /* Release */ = {
			isa = XCBuildConfiguration;
			buildSettings = {
				ALWAYS_EMBED_SWIFT_STANDARD_LIBRARIES = YES;
				BUNDLE_LOADER = "$(TEST_HOST)";
				DEVELOPMENT_TEAM = S87EN3C54C;
				INFOPLIST_FILE = InternMailTests/Info.plist;
				LD_RUNPATH_SEARCH_PATHS = "$(inherited) @executable_path/Frameworks @loader_path/Frameworks";
				PRODUCT_BUNDLE_IDENTIFIER = intern.InternMailTests;
				PRODUCT_NAME = "$(TARGET_NAME)";
				SWIFT_VERSION = 3.0;
				TEST_HOST = "$(BUILT_PRODUCTS_DIR)/InternMail.app/InternMail";
			};
			name = Release;
		};
		165E194B1E0017AC00B744D4 /* Debug */ = {
			isa = XCBuildConfiguration;
			buildSettings = {
				ALWAYS_EMBED_SWIFT_STANDARD_LIBRARIES = YES;
				DEVELOPMENT_TEAM = S87EN3C54C;
				INFOPLIST_FILE = InternMailUITests/Info.plist;
				LD_RUNPATH_SEARCH_PATHS = "$(inherited) @executable_path/Frameworks @loader_path/Frameworks";
				PRODUCT_BUNDLE_IDENTIFIER = intern.InternMailUITests;
				PRODUCT_NAME = "$(TARGET_NAME)";
				SWIFT_VERSION = 3.0;
				TEST_TARGET_NAME = InternMail;
			};
			name = Debug;
		};
		165E194C1E0017AC00B744D4 /* Release */ = {
			isa = XCBuildConfiguration;
			buildSettings = {
				ALWAYS_EMBED_SWIFT_STANDARD_LIBRARIES = YES;
				DEVELOPMENT_TEAM = S87EN3C54C;
				INFOPLIST_FILE = InternMailUITests/Info.plist;
				LD_RUNPATH_SEARCH_PATHS = "$(inherited) @executable_path/Frameworks @loader_path/Frameworks";
				PRODUCT_BUNDLE_IDENTIFIER = intern.InternMailUITests;
				PRODUCT_NAME = "$(TARGET_NAME)";
				SWIFT_VERSION = 3.0;
				TEST_TARGET_NAME = InternMail;
			};
			name = Release;
		};
/* End XCBuildConfiguration section */

/* Begin XCConfigurationList section */
		165E19171E0017AB00B744D4 /* Build configuration list for PBXProject "InternMail" */ = {
			isa = XCConfigurationList;
			buildConfigurations = (
				165E19421E0017AC00B744D4 /* Debug */,
				165E19431E0017AC00B744D4 /* Release */,
			);
			defaultConfigurationIsVisible = 0;
			defaultConfigurationName = Release;
		};
		165E19441E0017AC00B744D4 /* Build configuration list for PBXNativeTarget "InternMail" */ = {
			isa = XCConfigurationList;
			buildConfigurations = (
				165E19451E0017AC00B744D4 /* Debug */,
				165E19461E0017AC00B744D4 /* Release */,
			);
			defaultConfigurationIsVisible = 0;
			defaultConfigurationName = Release;
		};
		165E19471E0017AC00B744D4 /* Build configuration list for PBXNativeTarget "InternMailTests" */ = {
			isa = XCConfigurationList;
			buildConfigurations = (
				165E19481E0017AC00B744D4 /* Debug */,
				165E19491E0017AC00B744D4 /* Release */,
			);
			defaultConfigurationIsVisible = 0;
			defaultConfigurationName = Release;
		};
		165E194A1E0017AC00B744D4 /* Build configuration list for PBXNativeTarget "InternMailUITests" */ = {
			isa = XCConfigurationList;
			buildConfigurations = (
				165E194B1E0017AC00B744D4 /* Debug */,
				165E194C1E0017AC00B744D4 /* Release */,
			);
			defaultConfigurationIsVisible = 0;
			defaultConfigurationName = Release;
		};
/* End XCConfigurationList section */
	};
	rootObject = 165E19141E0017AB00B744D4 /* Project object */;
}
